
Microsoft Visual Studio Solution File, Format Version 12.00
# Visual Studio Version 17
VisualStudioVersion = 17.11.35312.102
MinimumVisualStudioVersion = 10.0.40219.1
Project("{FAE04EC0-301F-11D3-BF4B-00C04F79EFBC}") = "FinalCRUDEMP", "FinalCRUDEMP\FinalCRUDEMP.csproj", "{1935CDD5-B983-4CA7-AE03-36A27D76183C}"
EndProject
Project("{FAE04EC0-301F-11D3-BF4B-00C04F79EFBC}") = "FinalEmpCRUD", "FinalEmpCRUD\FinalEmpCRUD.csproj", "{701E24BA-0ED4-4A5C-ACFA-77777B7F5B63}"
EndProject
Global
	GlobalSection(SolutionConfigurationPlatforms) = preSolution
		Debug|Any CPU = Debug|Any CPU
		Release|Any CPU = Release|Any CPU
	EndGlobalSection
	GlobalSection(ProjectConfigurationPlatforms) = postSolution
		{1935CDD5-B983-4CA7-AE03-36A27D76183C}.Debug|Any CPU.ActiveCfg = Debug|Any CPU
		{1935CDD5-B983-4CA7-AE03-36A27D76183C}.Debug|Any CPU.Build.0 = Debug|Any CPU
		{1935CDD5-B983-4CA7-AE03-36A27D76183C}.Release|Any CPU.ActiveCfg = Release|Any CPU
		{1935CDD5-B983-4CA7-AE03-36A27D76183C}.Release|Any CPU.Build.0 = Release|Any CPU
		{701E24BA-0ED4-4A5C-ACFA-77777B7F5B63}.Debug|Any CPU.ActiveCfg = Debug|Any CPU
		{701E24BA-0ED4-4A5C-ACFA-77777B7F5B63}.Debug|Any CPU.Build.0 = Debug|Any CPU
		{701E24BA-0ED4-4A5C-ACFA-77777B7F5B63}.Release|Any CPU.ActiveCfg = Release|Any CPU
		{701E24BA-0ED4-4A5C-ACFA-77777B7F5B63}.Release|Any CPU.Build.0 = Release|Any CPU
	EndGlobalSection
	GlobalSection(SolutionProperties) = preSolution
		HideSolutionNode = FALSE
	EndGlobalSection
	GlobalSection(ExtensibilityGlobals) = postSolution
		SolutionGuid = {E929C29D-05F4-4D2B-A0D6-885A5A1F54CC}
	EndGlobalSection
EndGlobal
